// !$*UTF8*$!
{
	archiveVersion = 1;
	classes = {
	};
	objectVersion = 46;
	objects = {

/* Begin PBXBuildFile section */
		18DB38791BFC0E940096898C /* main.m in Sources */ = {isa = PBXBuildFile; fileRef = 18DB38781BFC0E940096898C /* main.m */; };
		18DB387C1BFC0E940096898C /* AppDelegate.m in Sources */ = {isa = PBXBuildFile; fileRef = 18DB387B1BFC0E940096898C /* AppDelegate.m */; };
		18DB387F1BFC0E940096898C /* ViewController.m in Sources */ = {isa = PBXBuildFile; fileRef = 18DB387E1BFC0E940096898C /* ViewController.m */; };
		18DB38821BFC0E940096898C /* Main.storyboard in Resources */ = {isa = PBXBuildFile; fileRef = 18DB38801BFC0E940096898C /* Main.storyboard */; };
		18DB38841BFC0E940096898C /* Images.xcassets in Resources */ = {isa = PBXBuildFile; fileRef = 18DB38831BFC0E940096898C /* Images.xcassets */; };
		18DB38871BFC0E940096898C /* LaunchScreen.xib in Resources */ = {isa = PBXBuildFile; fileRef = 18DB38851BFC0E940096898C /* LaunchScreen.xib */; };
		18DB38931BFC0E940096898C /* fangbocunTests.m in Sources */ = {isa = PBXBuildFile; fileRef = 18DB38921BFC0E940096898C /* fangbocunTests.m */; };
/* End PBXBuildFile section */

/* Begin PBXContainerItemProxy section */
		18DB388D1BFC0E940096898C /* PBXContainerItemProxy */ = {
			isa = PBXContainerItemProxy;
			containerPortal = 18DB386B1BFC0E940096898C /* Project object */;
			proxyType = 1;
			remoteGlobalIDString = 18DB38721BFC0E940096898C;
			remoteInfo = fangbocun;
		};
/* End PBXContainerItemProxy section */

/* Begin PBXFileReference section */
		18DB38731BFC0E940096898C /* fangbocun.app */ = {isa = PBXFileReference; explicitFileType = wrapper.application; includeInIndex = 0; path = fangbocun.app; sourceTree = BUILT_PRODUCTS_DIR; };
		18DB38771BFC0E940096898C /* Info.plist */ = {isa = PBXFileReference; lastKnownFileType = text.plist.xml; path = Info.plist; sourceTree = "<group>"; };
		18DB38781BFC0E940096898C /* main.m */ = {isa = PBXFileReference; lastKnownFileType = sourcecode.c.objc; path = main.m; sourceTree = "<group>"; };
		18DB387A1BFC0E940096898C /* AppDelegate.h */ = {isa = PBXFileReference; lastKnownFileType = sourcecode.c.h; path = AppDelegate.h; sourceTree = "<group>"; };
		18DB387B1BFC0E940096898C /* AppDelegate.m */ = {isa = PBXFileReference; lastKnownFileType = sourcecode.c.objc; path = AppDelegate.m; sourceTree = "<group>"; };
		18DB387D1BFC0E940096898C /* ViewController.h */ = {isa = PBXFileReference; lastKnownFileType = sourcecode.c.h; path = ViewController.h; sourceTree = "<group>"; };
		18DB387E1BFC0E940096898C /* ViewController.m */ = {isa = PBXFileReference; lastKnownFileType = sourcecode.c.objc; path = ViewController.m; sourceTree = "<group>"; };
		18DB38811BFC0E940096898C /* Base */ = {isa = PBXFileReference; lastKnownFileType = file.storyboard; name = Base; path = Base.lproj/Main.storyboard; sourceTree = "<group>"; };
		18DB38831BFC0E940096898C /* Images.xcassets */ = {isa = PBXFileReference; lastKnownFileType = folder.assetcatalog; path = Images.xcassets; sourceTree = "<group>"; };
		18DB38861BFC0E940096898C /* Base */ = {isa = PBXFileReference; lastKnownFileType = file.xib; name = Base; path = Base.lproj/LaunchScreen.xib; sourceTree = "<group>"; };
		18DB388C1BFC0E940096898C /* fangbocunTests.xctest */ = {isa = PBXFileReference; explicitFileType = wrapper.cfbundle; includeInIndex = 0; path = fangbocunTests.xctest; sourceTree = BUILT_PRODUCTS_DIR; };
		18DB38911BFC0E940096898C /* Info.plist */ = {isa = PBXFileReference; lastKnownFileType = text.plist.xml; path = Info.plist; sourceTree = "<group>"; };
		18DB38921BFC0E940096898C /* fangbocunTests.m */ = {isa = PBXFileReference; lastKnownFileType = sourcecode.c.objc; path = fangbocunTests.m; sourceTree = "<group>"; };
/* End PBXFileReference section */

/* Begin PBXFrameworksBuildPhase section */
		18DB38701BFC0E940096898C /* Frameworks */ = {
			isa = PBXFrameworksBuildPhase;
			buildActionMask = 2147483647;
			files = (
			);
			runOnlyForDeploymentPostprocessing = 0;
		};
		18DB38891BFC0E940096898C /* Frameworks */ = {
			isa = PBXFrameworksBuildPhase;
			buildActionMask = 2147483647;
			files = (
			);
			runOnlyForDeploymentPostprocessing = 0;
		};
/* End PBXFrameworksBuildPhase section */

/* Begin PBXGroup section */
		18DB386A1BFC0E940096898C = {
			isa = PBXGroup;
			children = (
				18DB38751BFC0E940096898C /* fangbocun */,
				18DB388F1BFC0E940096898C /* fangbocunTests */,
				18DB38741BFC0E940096898C /* Products */,
			);
			sourceTree = "<group>";
		};
		18DB38741BFC0E940096898C /* Products */ = {
			isa = PBXGroup;
			children = (
				18DB38731BFC0E940096898C /* fangbocun.app */,
				18DB388C1BFC0E940096898C /* fangbocunTests.xctest */,
			);
			name = Products;
			sourceTree = "<group>";
		};
		18DB38751BFC0E940096898C /* fangbocun */ = {
			isa = PBXGroup;
			children = (
				18DB387A1BFC0E940096898C /* AppDelegate.h */,
				18DB387B1BFC0E940096898C /* AppDelegate.m */,
				18DB387D1BFC0E940096898C /* ViewController.h */,
				18DB387E1BFC0E940096898C /* ViewController.m */,
				18DB38801BFC0E940096898C /* Main.storyboard */,
				18DB38831BFC0E940096898C /* Images.xcassets */,
				18DB38851BFC0E940096898C /* LaunchScreen.xib */,
				18DB38761BFC0E940096898C /* Supporting Files */,
			);
			path = fangbocun;
			sourceTree = "<group>";
		};
		18DB38761BFC0E940096898C /* Supporting Files */ = {
			isa = PBXGroup;
			children = (
				18DB38771BFC0E940096898C /* Info.plist */,
				18DB38781BFC0E940096898C /* main.m */,
			);
			name = "Supporting Files";
			sourceTree = "<group>";
		};
		18DB388F1BFC0E940096898C /* fangbocunTests */ = {
			isa = PBXGroup;
			children = (
				18DB38921BFC0E940096898C /* fangbocunTests.m */,
				18DB38901BFC0E940096898C /* Supporting Files */,
			);
			path = fangbocunTests;
			sourceTree = "<group>";
		};
		18DB38901BFC0E940096898C /* Supporting Files */ = {
			isa = PBXGroup;
			children = (
				18DB38911BFC0E940096898C /* Info.plist */,
			);
			name = "Supporting Files";
			sourceTree = "<group>";
		};
/* End PBXGroup section */

/* Begin PBXNativeTarget section */
		18DB38721BFC0E940096898C /* fangbocun */ = {
			isa = PBXNativeTarget;
			buildConfigurationList = 18DB38961BFC0E940096898C /* Build configuration list for PBXNativeTarget "fangbocun" */;
			buildPhases = (
				18DB386F1BFC0E940096898C /* Sources */,
				18DB38701BFC0E940096898C /* Frameworks */,
				18DB38711BFC0E940096898C /* Resources */,
			);
			buildRules = (
			);
			dependencies = (
			);
			name = fangbocun;
			productName = fangbocun;
			productReference = 18DB38731BFC0E940096898C /* fangbocun.app */;
			productType = "com.apple.product-type.application";
		};
		18DB388B1BFC0E940096898C /* fangbocunTests */ = {
			isa = PBXNativeTarget;
			buildConfigurationList = 18DB38991BFC0E940096898C /* Build configuration list for PBXNativeTarget "fangbocunTests" */;
			buildPhases = (
				18DB38881BFC0E940096898C /* Sources */,
				18DB38891BFC0E940096898C /* Frameworks */,
				18DB388A1BFC0E940096898C /* Resources */,
			);
			buildRules = (
			);
			dependencies = (
				18DB388E1BFC0E940096898C /* PBXTargetDependency */,
			);
			name = fangbocunTests;
			productName = fangbocunTests;
			productReference = 18DB388C1BFC0E940096898C /* fangbocunTests.xctest */;
			productType = "com.apple.product-type.bundle.unit-test";
		};
/* End PBXNativeTarget section */

/* Begin PBXProject section */
		18DB386B1BFC0E940096898C /* Project object */ = {
			isa = PBXProject;
			attributes = {
				LastUpgradeCheck = 0630;
				ORGANIZATIONNAME = apple;
				TargetAttributes = {
					18DB38721BFC0E940096898C = {
						CreatedOnToolsVersion = 6.3;
					};
					18DB388B1BFC0E940096898C = {
						CreatedOnToolsVersion = 6.3;
						TestTargetID = 18DB38721BFC0E940096898C;
					};
				};
			};
			buildConfigurationList = 18DB386E1BFC0E940096898C /* Build configuration list for PBXProject "fangbocun" */;
			compatibilityVersion = "Xcode 3.2";
			developmentRegion = English;
			hasScannedForEncodings = 0;
			knownRegions = (
				en,
				Base,
			);
			mainGroup = 18DB386A1BFC0E940096898C;
			productRefGroup = 18DB38741BFC0E940096898C /* Products */;
			projectDirPath = "";
			projectRoot = "";
			targets = (
				18DB38721BFC0E940096898C /* fangbocun */,
				18DB388B1BFC0E940096898C /* fangbocunTests */,
			);
		};
/* End PBXProject section */

/* Begin PBXResourcesBuildPhase section */
		18DB38711BFC0E940096898C /* Resources */ = {
			isa = PBXResourcesBuildPhase;
			buildActionMask = 2147483647;
			files = (
				18DB38821BFC0E940096898C /* Main.storyboard in Resources */,
				18DB38871BFC0E940096898C /* LaunchScreen.xib in Resources */,
				18DB38841BFC0E940096898C /* Images.xcassets in Resources */,
			);
			runOnlyForDeploymentPostprocessing = 0;
		};
		18DB388A1BFC0E940096898C /* Resources */ = {
			isa = PBXResourcesBuildPhase;
			buildActionMask = 2147483647;
			files = (
			);
			runOnlyForDeploymentPostprocessing = 0;
		};
/* End PBXResourcesBuildPhase section */

/* Begin PBXSourcesBuildPhase section */
		18DB386F1BFC0E940096898C /* Sources */ = {
			isa = PBXSourcesBuildPhase;
			buildActionMask = 2147483647;
			files = (
				18DB387F1BFC0E940096898C /* ViewController.m in Sources */,
				18DB387C1BFC0E940096898C /* AppDelegate.m in Sources */,
				18DB38791BFC0E940096898C /* main.m in Sources */,
			);
			runOnlyForDeploymentPostprocessing = 0;
		};
		18DB38881BFC0E940096898C /* Sources */ = {
			isa = PBXSourcesBuildPhase;
			buildActionMask = 2147483647;
			files = (
				18DB38931BFC0E940096898C /* fangbocunTests.m in Sources */,
			);
			runOnlyForDeploymentPostprocessing = 0;
		};
/* End PBXSourcesBuildPhase section */

/* Begin PBXTargetDependency section */
		18DB388E1BFC0E940096898C /* PBXTargetDependency */ = {
			isa = PBXTargetDependency;
			target = 18DB38721BFC0E940096898C /* fangbocun */;
			targetProxy = 18DB388D1BFC0E940096898C /* PBXContainerItemProxy */;
		};
/* End PBXTargetDependency section */

/* Begin PBXVariantGroup section */
		18DB38801BFC0E940096898C /* Main.storyboard */ = {
			isa = PBXVariantGroup;
			children = (
				18DB38811BFC0E940096898C /* Base */,
			);
			name = Main.storyboard;
			sourceTree = "<group>";
		};
		18DB38851BFC0E940096898C /* LaunchScreen.xib */ = {
			isa = PBXVariantGroup;
			children = (
				18DB38861BFC0E940096898C /* Base */,
			);
			name = LaunchScreen.xib;
			sourceTree = "<group>";
		};
/* End PBXVariantGroup section */

/* Begin XCBuildConfiguration section */
		18DB38941BFC0E940096898C /* Debug */ = {
			isa = XCBuildConfiguration;
			buildSettings = {
				ALWAYS_SEARCH_USER_PATHS = NO;
				CLANG_CXX_LANGUAGE_STANDARD = "gnu++0x";
				CLANG_CXX_LIBRARY = "libc++";
				CLANG_ENABLE_MODULES = YES;
				CLANG_ENABLE_OBJC_ARC = YES;
				CLANG_WARN_BOOL_CONVERSION = YES;
				CLANG_WARN_CONSTANT_CONVERSION = YES;
				CLANG_WARN_DIRECT_OBJC_ISA_USAGE = YES_ERROR;
				CLANG_WARN_EMPTY_BODY = YES;
				CLANG_WARN_ENUM_CONVERSION = YES;
				CLANG_WARN_INT_CONVERSION = YES;
				CLANG_WARN_OBJC_ROOT_CLASS = YES_ERROR;
				CLANG_WARN_UNREACHABLE_CODE = YES;
				CLANG_WARN__DUPLICATE_METHOD_MATCH = YES;
				"CODE_SIGN_IDENTITY[sdk=iphoneos*]" = "iPhone Developer";
				COPY_PHASE_STRIP = NO;
				DEBUG_INFORMATION_FORMAT = "dwarf-with-dsym";
				ENABLE_STRICT_OBJC_MSGSEND = YES;
				GCC_C_LANGUAGE_STANDARD = gnu99;
				GCC_DYNAMIC_NO_PIC = NO;
				GCC_NO_COMMON_BLOCKS = YES;
				GCC_OPTIMIZATION_LEVEL = 0;
				GCC_PREPROCESSOR_DEFINITIONS = (
					"DEBUG=1",
					"$(inherited)",
				);
				GCC_SYMBOLS_PRIVATE_EXTERN = NO;
				GCC_WARN_64_TO_32_BIT_CONVERSION = YES;
				GCC_WARN_ABOUT_RETURN_TYPE = YES_ERROR;
				GCC_WARN_UNDECLARED_SELECTOR = YES;
				GCC_WARN_UNINITIALIZED_AUTOS = YES_AGGRESSIVE;
				GCC_WARN_UNUSED_FUNCTION = YES;
				GCC_WARN_UNUSED_VARIABLE = YES;
				IPHONEOS_DEPLOYMENT_TARGET = 8.3;
				MTL_ENABLE_DEBUG_INFO = YES;
				ONLY_ACTIVE_ARCH = YES;
				SDKROOT = iphoneos;
				TARGETED_DEVICE_FAMILY = "1,2";
			};
			name = Debug;
		};
		18DB38951BFC0E940096898C /* Release */ = {
			isa = XCBuildConfiguration;
			buildSettings = {
				ALWAYS_SEARCH_USER_PATHS = NO;
				CLANG_CXX_LANGUAGE_STANDARD = "gnu++0x";
				CLANG_CXX_LIBRARY = "libc++";
				CLANG_ENABLE_MODULES = YES;
				CLANG_ENABLE_OBJC_ARC = YES;
				CLANG_WARN_BOOL_CONVERSION = YES;
				CLANG_WARN_CONSTANT_CONVERSION = YES;
				CLANG_WARN_DIRECT_OBJC_ISA_USAGE = YES_ERROR;
				CLANG_WARN_EMPTY_BODY = YES;
				CLANG_WARN_ENUM_CONVERSION = YES;
				CLANG_WARN_INT_CONVERSION = YES;
				CLANG_WARN_OBJC_ROOT_CLASS = YES_ERROR;
				CLANG_WARN_UNREACHABLE_CODE = YES;
				CLANG_WARN__DUPLICATE_METHOD_MATCH = YES;
				"CODE_SIGN_IDENTITY[sdk=iphoneos*]" = "iPhone Developer";
				COPY_PHASE_STRIP = NO;
				DEBUG_INFORMATION_FORMAT = "dwarf-with-dsym";
				ENABLE_NS_ASSERTIONS = NO;
				ENABLE_STRICT_OBJC_MSGSEND = YES;
				GCC_C_LANGUAGE_STANDARD = gnu99;
				GCC_NO_COMMON_BLOCKS = YES;
				GCC_WARN_64_TO_32_BIT_CONVERSION = YES;
				GCC_WARN_ABOUT_RETURN_TYPE = YES_ERROR;
				GCC_WARN_UNDECLARED_SELECTOR = YES;
				GCC_WARN_UNINITIALIZED_AUTOS = YES_AGGRESSIVE;
				GCC_WARN_UNUSED_FUNCTION = YES;
				GCC_WARN_UNUSED_VARIABLE = YES;
				IPHONEOS_DEPLOYMENT_TARGET = 8.3;
				MTL_ENABLE_DEBUG_INFO = NO;
				SDKROOT = iphoneos;
				TARGETED_DEVICE_FAMILY = "1,2";
				VALIDATE_PRODUCT = YES;
			};
			name = Release;
		};
		18DB38971BFC0E940096898C /* Debug */ = {
			isa = XCBuildConfiguration;
			buildSettings = {
				ASSETCATALOG_COMPILER_APPICON_NAME = AppIcon;
				INFOPLIST_FILE = fangbocun/Info.plist;
				LD_RUNPATH_SEARCH_PATHS = "$(inherited) @executable_path/Frameworks";
				PRODUCT_NAME = "$(TARGET_NAME)";
			};
			name = Debug;
		};
		18DB38981BFC0E940096898C /* Release */ = {
			isa = XCBuildConfiguration;
			buildSettings = {
				ASSETCATALOG_COMPILER_APPICON_NAME = AppIcon;
				INFOPLIST_FILE = fangbocun/Info.plist;
				LD_RUNPATH_SEARCH_PATHS = "$(inherited) @executable_path/Frameworks";
				PRODUCT_NAME = "$(TARGET_NAME)";
			};
			name = Release;
		};
		18DB389A1BFC0E940096898C /* Debug */ = {
			isa = XCBuildConfiguration;
			buildSettings = {
				BUNDLE_LOADER = "$(TEST_HOST)";
				FRAMEWORK_SEARCH_PATHS = (
					"$(SDKROOT)/Developer/Library/Frameworks",
					"$(inherited)",
				);
				GCC_PREPROCESSOR_DEFINITIONS = (
					"DEBUG=1",
					"$(inherited)",
				);
				INFOPLIST_FILE = fangbocunTests/Info.plist;
				LD_RUNPATH_SEARCH_PATHS = "$(inherited) @executable_path/Frameworks @loader_path/Frameworks";
				PRODUCT_NAME = "$(TARGET_NAME)";
				TEST_HOST = "$(BUILT_PRODUCTS_DIR)/fangbocun.app/fangbocun";
			};
			name = Debug;
		};
		18DB389B1BFC0E940096898C /* Release */ = {
			isa = XCBuildConfiguration;
			buildSettings = {
				BUNDLE_LOADER = "$(TEST_HOST)";
				FRAMEWORK_SEARCH_PATHS = (
					"$(SDKROOT)/Developer/Library/Frameworks",
					"$(inherited)",
				);
				INFOPLIST_FILE = fangbocunTests/Info.plist;
				LD_RUNPATH_SEARCH_PATHS = "$(inherited) @executable_path/Frameworks @loader_path/Frameworks";
				PRODUCT_NAME = "$(TARGET_NAME)";
				TEST_HOST = "$(BUILT_PRODUCTS_DIR)/fangbocun.app/fangbocun";
			};
			name = Release;
		};
/* End XCBuildConfiguration section */

/* Begin XCConfigurationList section */
		18DB386E1BFC0E940096898C /* Build configuration list for PBXProject "fangbocun" */ = {
			isa = XCConfigurationList;
			buildConfigurations = (
				18DB38941BFC0E940096898C /* Debug */,
				18DB38951BFC0E940096898C /* Release */,
			);
			defaultConfigurationIsVisible = 0;
			defaultConfigurationName = Release;
		};
		18DB38961BFC0E940096898C /* Build configuration list for PBXNativeTarget "fangbocun" */ = {
			isa = XCConfigurationList;
			buildConfigurations = (
				18DB38971BFC0E940096898C /* Debug */,
				18DB38981BFC0E940096898C /* Release */,
			);
			defaultConfigurationIsVisible = 0;
		};
		18DB38991BFC0E940096898C /* Build configuration list for PBXNativeTarget "fangbocunTests" */ = {
			isa = XCConfigurationList;
			buildConfigurations = (
				18DB389A1BFC0E940096898C /* Debug */,
				18DB389B1BFC0E940096898C /* Release */,
			);
			defaultConfigurationIsVisible = 0;
		};
/* End XCConfigurationList section */
	};
	rootObject = 18DB386B1BFC0E940096898C /* Project object */;
}
